
Microsoft Visual Studio Solution File, Format Version 12.00
# Visual Studio Version 16
VisualStudioVersion = 16.0.31624.102
MinimumVisualStudioVersion = 10.0.40219.1
Project("{888888A0-9F3D-457C-B088-3A5042F75D52}") = "TKBTuDong", "TKBTuDong.pyproj", "{21B38452-0660-4581-A0FD-CA41C81F1A5A}"
EndProject
Global
	GlobalSection(SolutionConfigurationPlatforms) = preSolution
		Debug|Any CPU = Debug|Any CPU
		Release|Any CPU = Release|Any CPU
	EndGlobalSection
	GlobalSection(ProjectConfigurationPlatforms) = postSolution
		{21B38452-0660-4581-A0FD-CA41C81F1A5A}.Debug|Any CPU.ActiveCfg = Debug|Any CPU
		{21B38452-0660-4581-A0FD-CA41C81F1A5A}.Release|Any CPU.ActiveCfg = Release|Any CPU
	EndGlobalSection
	GlobalSection(SolutionProperties) = preSolution
		HideSolutionNode = FALSE
	EndGlobalSection
	GlobalSection(ExtensibilityGlobals) = postSolution
		SolutionGuid = {4B49194E-1933-4F63-97AD-0F352222238D}
	EndGlobalSection
EndGlobal
